
Microsoft Visual Studio Solution File, Format Version 12.00
# Visual Studio 15
VisualStudioVersion = 15.0.28307.852
MinimumVisualStudioVersion = 10.0.40219.1
Project("{FAE04EC0-301F-11D3-BF4B-00C04F79EFBC}") = "Ch18_03.Android", "Ch18_03\Ch18_03.Android\Ch18_03.Android.csproj", "{BE08328E-7909-4EAC-8799-DB8EF75E05AA}"
EndProject
Project("{FAE04EC0-301F-11D3-BF4B-00C04F79EFBC}") = "Ch18_03.iOS", "Ch18_03\Ch18_03.iOS\Ch18_03.iOS.csproj", "{574BE4E7-869C-432B-AEC4-1D8870109B2A}"
EndProject
Project("{FAE04EC0-301F-11D3-BF4B-00C04F79EFBC}") = "Ch18_03", "Ch18_03\Ch18_03\Ch18_03.csproj", "{99A9F566-5BB2-4A9E-9023-DAEC76448C77}"
EndProject
Global
	GlobalSection(SolutionConfigurationPlatforms) = preSolution
		Ad-Hoc|Any CPU = Ad-Hoc|Any CPU
		Ad-Hoc|iPhone = Ad-Hoc|iPhone
		Ad-Hoc|iPhoneSimulator = Ad-Hoc|iPhoneSimulator
		AppStore|Any CPU = AppStore|Any CPU
		AppStore|iPhone = AppStore|iPhone
		AppStore|iPhoneSimulator = AppStore|iPhoneSimulator
		Debug|Any CPU = Debug|Any CPU
		Debug|iPhone = Debug|iPhone
		Debug|iPhoneSimulator = Debug|iPhoneSimulator
		Release|Any CPU = Release|Any CPU
		Release|iPhone = Release|iPhone
		Release|iPhoneSimulator = Release|iPhoneSimulator
	EndGlobalSection
	GlobalSection(ProjectConfigurationPlatforms) = postSolution
		{BE08328E-7909-4EAC-8799-DB8EF75E05AA}.Ad-Hoc|Any CPU.ActiveCfg = Release|Any CPU
		{BE08328E-7909-4EAC-8799-DB8EF75E05AA}.Ad-Hoc|Any CPU.Build.0 = Release|Any CPU
		{BE08328E-7909-4EAC-8799-DB8EF75E05AA}.Ad-Hoc|Any CPU.Deploy.0 = Release|Any CPU
		{BE08328E-7909-4EAC-8799-DB8EF75E05AA}.Ad-Hoc|iPhone.ActiveCfg = Release|Any CPU
		{BE08328E-7909-4EAC-8799-DB8EF75E05AA}.Ad-Hoc|iPhone.Build.0 = Release|Any CPU
		{BE08328E-7909-4EAC-8799-DB8EF75E05AA}.Ad-Hoc|iPhone.Deploy.0 = Release|Any CPU
		{BE08328E-7909-4EAC-8799-DB8EF75E05AA}.Ad-Hoc|iPhoneSimulator.ActiveCfg = Release|Any CPU
		{BE08328E-7909-4EAC-8799-DB8EF75E05AA}.Ad-Hoc|iPhoneSimulator.Build.0 = Release|Any CPU
		{BE08328E-7909-4EAC-8799-DB8EF75E05AA}.Ad-Hoc|iPhoneSimulator.Deploy.0 = Release|Any CPU
		{BE08328E-7909-4EAC-8799-DB8EF75E05AA}.AppStore|Any CPU.ActiveCfg = Release|Any CPU
		{BE08328E-7909-4EAC-8799-DB8EF75E05AA}.AppStore|Any CPU.Build.0 = Release|Any CPU
		{BE08328E-7909-4EAC-8799-DB8EF75E05AA}.AppStore|Any CPU.Deploy.0 = Release|Any CPU
		{BE08328E-7909-4EAC-8799-DB8EF75E05AA}.AppStore|iPhone.ActiveCfg = Release|Any CPU
		{BE08328E-7909-4EAC-8799-DB8EF75E05AA}.AppStore|iPhone.Build.0 = Release|Any CPU
		{BE08328E-7909-4EAC-8799-DB8EF75E05AA}.AppStore|iPhone.Deploy.0 = Release|Any CPU
		{BE08328E-7909-4EAC-8799-DB8EF75E05AA}.AppStore|iPhoneSimulator.ActiveCfg = Release|Any CPU
		{BE08328E-7909-4EAC-8799-DB8EF75E05AA}.AppStore|iPhoneSimulator.Build.0 = Release|Any CPU
		{BE08328E-7909-4EAC-8799-DB8EF75E05AA}.AppStore|iPhoneSimulator.Deploy.0 = Release|Any CPU
		{BE08328E-7909-4EAC-8799-DB8EF75E05AA}.Debug|Any CPU.ActiveCfg = Debug|Any CPU
		{BE08328E-7909-4EAC-8799-DB8EF75E05AA}.Debug|Any CPU.Build.0 = Debug|Any CPU
		{BE08328E-7909-4EAC-8799-DB8EF75E05AA}.Debug|Any CPU.Deploy.0 = Debug|Any CPU
		{BE08328E-7909-4EAC-8799-DB8EF75E05AA}.Debug|iPhone.ActiveCfg = Debug|Any CPU
		{BE08328E-7909-4EAC-8799-DB8EF75E05AA}.Debug|iPhone.Build.0 = Debug|Any CPU
		{BE08328E-7909-4EAC-8799-DB8EF75E05AA}.Debug|iPhone.Deploy.0 = Debug|Any CPU
		{BE08328E-7909-4EAC-8799-DB8EF75E05AA}.Debug|iPhoneSimulator.ActiveCfg = Debug|Any CPU
		{BE08328E-7909-4EAC-8799-DB8EF75E05AA}.Debug|iPhoneSimulator.Build.0 = Debug|Any CPU
		{BE08328E-7909-4EAC-8799-DB8EF75E05AA}.Debug|iPhoneSimulator.Deploy.0 = Debug|Any CPU
		{BE08328E-7909-4EAC-8799-DB8EF75E05AA}.Release|Any CPU.ActiveCfg = Release|Any CPU
		{BE08328E-7909-4EAC-8799-DB8EF75E05AA}.Release|Any CPU.Build.0 = Release|Any CPU
		{BE08328E-7909-4EAC-8799-DB8EF75E05AA}.Release|Any CPU.Deploy.0 = Release|Any CPU
		{BE08328E-7909-4EAC-8799-DB8EF75E05AA}.Release|iPhone.ActiveCfg = Release|Any CPU
		{BE08328E-7909-4EAC-8799-DB8EF75E05AA}.Release|iPhone.Build.0 = Release|Any CPU
		{BE08328E-7909-4EAC-8799-DB8EF75E05AA}.Release|iPhone.Deploy.0 = Release|Any CPU
		{BE08328E-7909-4EAC-8799-DB8EF75E05AA}.Release|iPhoneSimulator.ActiveCfg = Release|Any CPU
		{BE08328E-7909-4EAC-8799-DB8EF75E05AA}.Release|iPhoneSimulator.Build.0 = Release|Any CPU
		{BE08328E-7909-4EAC-8799-DB8EF75E05AA}.Release|iPhoneSimulator.Deploy.0 = Release|Any CPU
		{574BE4E7-869C-432B-AEC4-1D8870109B2A}.Ad-Hoc|Any CPU.ActiveCfg = Ad-Hoc|iPhone
		{574BE4E7-869C-432B-AEC4-1D8870109B2A}.Ad-Hoc|Any CPU.Build.0 = Ad-Hoc|iPhone
		{574BE4E7-869C-432B-AEC4-1D8870109B2A}.Ad-Hoc|Any CPU.Deploy.0 = Ad-Hoc|iPhone
		{574BE4E7-869C-432B-AEC4-1D8870109B2A}.Ad-Hoc|iPhone.ActiveCfg = Ad-Hoc|iPhone
		{574BE4E7-869C-432B-AEC4-1D8870109B2A}.Ad-Hoc|iPhone.Build.0 = Ad-Hoc|iPhone
		{574BE4E7-869C-432B-AEC4-1D8870109B2A}.Ad-Hoc|iPhone.Deploy.0 = Ad-Hoc|iPhone
		{574BE4E7-869C-432B-AEC4-1D8870109B2A}.Ad-Hoc|iPhoneSimulator.ActiveCfg = Ad-Hoc|iPhoneSimulator
		{574BE4E7-869C-432B-AEC4-1D8870109B2A}.Ad-Hoc|iPhoneSimulator.Build.0 = Ad-Hoc|iPhoneSimulator
		{574BE4E7-869C-432B-AEC4-1D8870109B2A}.Ad-Hoc|iPhoneSimulator.Deploy.0 = Ad-Hoc|iPhoneSimulator
		{574BE4E7-869C-432B-AEC4-1D8870109B2A}.AppStore|Any CPU.ActiveCfg = AppStore|iPhone
		{574BE4E7-869C-432B-AEC4-1D8870109B2A}.AppStore|Any CPU.Build.0 = AppStore|iPhone
		{574BE4E7-869C-432B-AEC4-1D8870109B2A}.AppStore|Any CPU.Deploy.0 = AppStore|iPhone
		{574BE4E7-869C-432B-AEC4-1D8870109B2A}.AppStore|iPhone.ActiveCfg = AppStore|iPhone
		{574BE4E7-869C-432B-AEC4-1D8870109B2A}.AppStore|iPhone.Build.0 = AppStore|iPhone
		{574BE4E7-869C-432B-AEC4-1D8870109B2A}.AppStore|iPhone.Deploy.0 = AppStore|iPhone
		{574BE4E7-869C-432B-AEC4-1D8870109B2A}.AppStore|iPhoneSimulator.ActiveCfg = AppStore|iPhoneSimulator
		{574BE4E7-869C-432B-AEC4-1D8870109B2A}.AppStore|iPhoneSimulator.Build.0 = AppStore|iPhoneSimulator
		{574BE4E7-869C-432B-AEC4-1D8870109B2A}.AppStore|iPhoneSimulator.Deploy.0 = AppStore|iPhoneSimulator
		{574BE4E7-869C-432B-AEC4-1D8870109B2A}.Debug|Any CPU.ActiveCfg = Debug|iPhoneSimulator
		{574BE4E7-869C-432B-AEC4-1D8870109B2A}.Debug|Any CPU.Build.0 = Debug|iPhoneSimulator
		{574BE4E7-869C-432B-AEC4-1D8870109B2A}.Debug|Any CPU.Deploy.0 = Debug|iPhoneSimulator
		{574BE4E7-869C-432B-AEC4-1D8870109B2A}.Debug|iPhone.ActiveCfg = Debug|iPhone
		{574BE4E7-869C-432B-AEC4-1D8870109B2A}.Debug|iPhone.Build.0 = Debug|iPhone
		{574BE4E7-869C-432B-AEC4-1D8870109B2A}.Debug|iPhone.Deploy.0 = Debug|iPhone
		{574BE4E7-869C-432B-AEC4-1D8870109B2A}.Debug|iPhoneSimulator.ActiveCfg = Debug|iPhoneSimulator
		{574BE4E7-869C-432B-AEC4-1D8870109B2A}.Debug|iPhoneSimulator.Build.0 = Debug|iPhoneSimulator
		{574BE4E7-869C-432B-AEC4-1D8870109B2A}.Debug|iPhoneSimulator.Deploy.0 = Debug|iPhoneSimulator
		{574BE4E7-869C-432B-AEC4-1D8870109B2A}.Release|Any CPU.ActiveCfg = Release|iPhone
		{574BE4E7-869C-432B-AEC4-1D8870109B2A}.Release|Any CPU.Build.0 = Release|iPhone
		{574BE4E7-869C-432B-AEC4-1D8870109B2A}.Release|Any CPU.Deploy.0 = Release|iPhone
		{574BE4E7-869C-432B-AEC4-1D8870109B2A}.Release|iPhone.ActiveCfg = Release|iPhone
		{574BE4E7-869C-432B-AEC4-1D8870109B2A}.Release|iPhone.Build.0 = Release|iPhone
		{574BE4E7-869C-432B-AEC4-1D8870109B2A}.Release|iPhone.Deploy.0 = Release|iPhone
		{574BE4E7-869C-432B-AEC4-1D8870109B2A}.Release|iPhoneSimulator.ActiveCfg = Release|iPhoneSimulator
		{574BE4E7-869C-432B-AEC4-1D8870109B2A}.Release|iPhoneSimulator.Build.0 = Release|iPhoneSimulator
		{574BE4E7-869C-432B-AEC4-1D8870109B2A}.Release|iPhoneSimulator.Deploy.0 = Release|iPhoneSimulator
		{99A9F566-5BB2-4A9E-9023-DAEC76448C77}.Ad-Hoc|Any CPU.ActiveCfg = Debug|Any CPU
		{99A9F566-5BB2-4A9E-9023-DAEC76448C77}.Ad-Hoc|Any CPU.Build.0 = Debug|Any CPU
		{99A9F566-5BB2-4A9E-9023-DAEC76448C77}.Ad-Hoc|Any CPU.Deploy.0 = Debug|Any CPU
		{99A9F566-5BB2-4A9E-9023-DAEC76448C77}.Ad-Hoc|iPhone.ActiveCfg = Debug|Any CPU
		{99A9F566-5BB2-4A9E-9023-DAEC76448C77}.Ad-Hoc|iPhone.Build.0 = Debug|Any CPU
		{99A9F566-5BB2-4A9E-9023-DAEC76448C77}.Ad-Hoc|iPhone.Deploy.0 = Debug|Any CPU
		{99A9F566-5BB2-4A9E-9023-DAEC76448C77}.Ad-Hoc|iPhoneSimulator.ActiveCfg = Debug|Any CPU
		{99A9F566-5BB2-4A9E-9023-DAEC76448C77}.Ad-Hoc|iPhoneSimulator.Build.0 = Debug|Any CPU
		{99A9F566-5BB2-4A9E-9023-DAEC76448C77}.Ad-Hoc|iPhoneSimulator.Deploy.0 = Debug|Any CPU
		{99A9F566-5BB2-4A9E-9023-DAEC76448C77}.AppStore|Any CPU.ActiveCfg = Debug|Any CPU
		{99A9F566-5BB2-4A9E-9023-DAEC76448C77}.AppStore|Any CPU.Build.0 = Debug|Any CPU
		{99A9F566-5BB2-4A9E-9023-DAEC76448C77}.AppStore|Any CPU.Deploy.0 = Debug|Any CPU
		{99A9F566-5BB2-4A9E-9023-DAEC76448C77}.AppStore|iPhone.ActiveCfg = Debug|Any CPU
		{99A9F566-5BB2-4A9E-9023-DAEC76448C77}.AppStore|iPhone.Build.0 = Debug|Any CPU
		{99A9F566-5BB2-4A9E-9023-DAEC76448C77}.AppStore|iPhone.Deploy.0 = Debug|Any CPU
		{99A9F566-5BB2-4A9E-9023-DAEC76448C77}.AppStore|iPhoneSimulator.ActiveCfg = Debug|Any CPU
		{99A9F566-5BB2-4A9E-9023-DAEC76448C77}.AppStore|iPhoneSimulator.Build.0 = Debug|Any CPU
		{99A9F566-5BB2-4A9E-9023-DAEC76448C77}.AppStore|iPhoneSimulator.Deploy.0 = Debug|Any CPU
		{99A9F566-5BB2-4A9E-9023-DAEC76448C77}.Debug|Any CPU.ActiveCfg = Debug|Any CPU
		{99A9F566-5BB2-4A9E-9023-DAEC76448C77}.Debug|Any CPU.Build.0 = Debug|Any CPU
		{99A9F566-5BB2-4A9E-9023-DAEC76448C77}.Debug|Any CPU.Deploy.0 = Debug|Any CPU
		{99A9F566-5BB2-4A9E-9023-DAEC76448C77}.Debug|iPhone.ActiveCfg = Debug|Any CPU
		{99A9F566-5BB2-4A9E-9023-DAEC76448C77}.Debug|iPhone.Build.0 = Debug|Any CPU
		{99A9F566-5BB2-4A9E-9023-DAEC76448C77}.Debug|iPhone.Deploy.0 = Debug|Any CPU
		{99A9F566-5BB2-4A9E-9023-DAEC76448C77}.Debug|iPhoneSimulator.ActiveCfg = Debug|Any CPU
		{99A9F566-5BB2-4A9E-9023-DAEC76448C77}.Debug|iPhoneSimulator.Build.0 = Debug|Any CPU
		{99A9F566-5BB2-4A9E-9023-DAEC76448C77}.Debug|iPhoneSimulator.Deploy.0 = Debug|Any CPU
		{99A9F566-5BB2-4A9E-9023-DAEC76448C77}.Release|Any CPU.ActiveCfg = Release|Any CPU
		{99A9F566-5BB2-4A9E-9023-DAEC76448C77}.Release|Any CPU.Build.0 = Release|Any CPU
		{99A9F566-5BB2-4A9E-9023-DAEC76448C77}.Release|Any CPU.Deploy.0 = Release|Any CPU
		{99A9F566-5BB2-4A9E-9023-DAEC76448C77}.Release|iPhone.ActiveCfg = Release|Any CPU
		{99A9F566-5BB2-4A9E-9023-DAEC76448C77}.Release|iPhone.Build.0 = Release|Any CPU
		{99A9F566-5BB2-4A9E-9023-DAEC76448C77}.Release|iPhone.Deploy.0 = Release|Any CPU
		{99A9F566-5BB2-4A9E-9023-DAEC76448C77}.Release|iPhoneSimulator.ActiveCfg = Release|Any CPU
		{99A9F566-5BB2-4A9E-9023-DAEC76448C77}.Release|iPhoneSimulator.Build.0 = Release|Any CPU
		{99A9F566-5BB2-4A9E-9023-DAEC76448C77}.Release|iPhoneSimulator.Deploy.0 = Release|Any CPU
	EndGlobalSection
	GlobalSection(SolutionProperties) = preSolution
		HideSolutionNode = FALSE
	EndGlobalSection
	GlobalSection(ExtensibilityGlobals) = postSolution
		SolutionGuid = {133B58C8-34D1-4A35-A233-B5EE355986C1}
	EndGlobalSection
EndGlobal
