
Microsoft Visual Studio Solution File, Format Version 12.00
# Visual Studio 15
VisualStudioVersion = 15.0.28307.572
MinimumVisualStudioVersion = 10.0.40219.1
Project("{FAE04EC0-301F-11D3-BF4B-00C04F79EFBC}") = "Ch21.Android", "Ch21\Ch21.Android\Ch21.Android.csproj", "{CC93BC08-F4AA-46D9-90FA-BF6AEC45CF93}"
EndProject
Project("{FAE04EC0-301F-11D3-BF4B-00C04F79EFBC}") = "Ch21.iOS", "Ch21\Ch21.iOS\Ch21.iOS.csproj", "{1B922C30-A688-4BAF-BCC6-ED7F17B9FDB5}"
EndProject
Project("{FAE04EC0-301F-11D3-BF4B-00C04F79EFBC}") = "Ch21", "Ch21\Ch21\Ch21.csproj", "{34BA8BA2-9B90-4D84-BE5E-98107086CDEC}"
EndProject
Global
	GlobalSection(SolutionConfigurationPlatforms) = preSolution
		Ad-Hoc|Any CPU = Ad-Hoc|Any CPU
		Ad-Hoc|iPhone = Ad-Hoc|iPhone
		Ad-Hoc|iPhoneSimulator = Ad-Hoc|iPhoneSimulator
		AppStore|Any CPU = AppStore|Any CPU
		AppStore|iPhone = AppStore|iPhone
		AppStore|iPhoneSimulator = AppStore|iPhoneSimulator
		Debug|Any CPU = Debug|Any CPU
		Debug|iPhone = Debug|iPhone
		Debug|iPhoneSimulator = Debug|iPhoneSimulator
		Release|Any CPU = Release|Any CPU
		Release|iPhone = Release|iPhone
		Release|iPhoneSimulator = Release|iPhoneSimulator
	EndGlobalSection
	GlobalSection(ProjectConfigurationPlatforms) = postSolution
		{CC93BC08-F4AA-46D9-90FA-BF6AEC45CF93}.Ad-Hoc|Any CPU.ActiveCfg = Release|Any CPU
		{CC93BC08-F4AA-46D9-90FA-BF6AEC45CF93}.Ad-Hoc|Any CPU.Build.0 = Release|Any CPU
		{CC93BC08-F4AA-46D9-90FA-BF6AEC45CF93}.Ad-Hoc|Any CPU.Deploy.0 = Release|Any CPU
		{CC93BC08-F4AA-46D9-90FA-BF6AEC45CF93}.Ad-Hoc|iPhone.ActiveCfg = Release|Any CPU
		{CC93BC08-F4AA-46D9-90FA-BF6AEC45CF93}.Ad-Hoc|iPhone.Build.0 = Release|Any CPU
		{CC93BC08-F4AA-46D9-90FA-BF6AEC45CF93}.Ad-Hoc|iPhone.Deploy.0 = Release|Any CPU
		{CC93BC08-F4AA-46D9-90FA-BF6AEC45CF93}.Ad-Hoc|iPhoneSimulator.ActiveCfg = Release|Any CPU
		{CC93BC08-F4AA-46D9-90FA-BF6AEC45CF93}.Ad-Hoc|iPhoneSimulator.Build.0 = Release|Any CPU
		{CC93BC08-F4AA-46D9-90FA-BF6AEC45CF93}.Ad-Hoc|iPhoneSimulator.Deploy.0 = Release|Any CPU
		{CC93BC08-F4AA-46D9-90FA-BF6AEC45CF93}.AppStore|Any CPU.ActiveCfg = Release|Any CPU
		{CC93BC08-F4AA-46D9-90FA-BF6AEC45CF93}.AppStore|Any CPU.Build.0 = Release|Any CPU
		{CC93BC08-F4AA-46D9-90FA-BF6AEC45CF93}.AppStore|Any CPU.Deploy.0 = Release|Any CPU
		{CC93BC08-F4AA-46D9-90FA-BF6AEC45CF93}.AppStore|iPhone.ActiveCfg = Release|Any CPU
		{CC93BC08-F4AA-46D9-90FA-BF6AEC45CF93}.AppStore|iPhone.Build.0 = Release|Any CPU
		{CC93BC08-F4AA-46D9-90FA-BF6AEC45CF93}.AppStore|iPhone.Deploy.0 = Release|Any CPU
		{CC93BC08-F4AA-46D9-90FA-BF6AEC45CF93}.AppStore|iPhoneSimulator.ActiveCfg = Release|Any CPU
		{CC93BC08-F4AA-46D9-90FA-BF6AEC45CF93}.AppStore|iPhoneSimulator.Build.0 = Release|Any CPU
		{CC93BC08-F4AA-46D9-90FA-BF6AEC45CF93}.AppStore|iPhoneSimulator.Deploy.0 = Release|Any CPU
		{CC93BC08-F4AA-46D9-90FA-BF6AEC45CF93}.Debug|Any CPU.ActiveCfg = Debug|Any CPU
		{CC93BC08-F4AA-46D9-90FA-BF6AEC45CF93}.Debug|Any CPU.Build.0 = Debug|Any CPU
		{CC93BC08-F4AA-46D9-90FA-BF6AEC45CF93}.Debug|Any CPU.Deploy.0 = Debug|Any CPU
		{CC93BC08-F4AA-46D9-90FA-BF6AEC45CF93}.Debug|iPhone.ActiveCfg = Debug|Any CPU
		{CC93BC08-F4AA-46D9-90FA-BF6AEC45CF93}.Debug|iPhone.Build.0 = Debug|Any CPU
		{CC93BC08-F4AA-46D9-90FA-BF6AEC45CF93}.Debug|iPhone.Deploy.0 = Debug|Any CPU
		{CC93BC08-F4AA-46D9-90FA-BF6AEC45CF93}.Debug|iPhoneSimulator.ActiveCfg = Debug|Any CPU
		{CC93BC08-F4AA-46D9-90FA-BF6AEC45CF93}.Debug|iPhoneSimulator.Build.0 = Debug|Any CPU
		{CC93BC08-F4AA-46D9-90FA-BF6AEC45CF93}.Debug|iPhoneSimulator.Deploy.0 = Debug|Any CPU
		{CC93BC08-F4AA-46D9-90FA-BF6AEC45CF93}.Release|Any CPU.ActiveCfg = Release|Any CPU
		{CC93BC08-F4AA-46D9-90FA-BF6AEC45CF93}.Release|Any CPU.Build.0 = Release|Any CPU
		{CC93BC08-F4AA-46D9-90FA-BF6AEC45CF93}.Release|Any CPU.Deploy.0 = Release|Any CPU
		{CC93BC08-F4AA-46D9-90FA-BF6AEC45CF93}.Release|iPhone.ActiveCfg = Release|Any CPU
		{CC93BC08-F4AA-46D9-90FA-BF6AEC45CF93}.Release|iPhone.Build.0 = Release|Any CPU
		{CC93BC08-F4AA-46D9-90FA-BF6AEC45CF93}.Release|iPhone.Deploy.0 = Release|Any CPU
		{CC93BC08-F4AA-46D9-90FA-BF6AEC45CF93}.Release|iPhoneSimulator.ActiveCfg = Release|Any CPU
		{CC93BC08-F4AA-46D9-90FA-BF6AEC45CF93}.Release|iPhoneSimulator.Build.0 = Release|Any CPU
		{CC93BC08-F4AA-46D9-90FA-BF6AEC45CF93}.Release|iPhoneSimulator.Deploy.0 = Release|Any CPU
		{1B922C30-A688-4BAF-BCC6-ED7F17B9FDB5}.Ad-Hoc|Any CPU.ActiveCfg = Ad-Hoc|iPhone
		{1B922C30-A688-4BAF-BCC6-ED7F17B9FDB5}.Ad-Hoc|Any CPU.Build.0 = Ad-Hoc|iPhone
		{1B922C30-A688-4BAF-BCC6-ED7F17B9FDB5}.Ad-Hoc|Any CPU.Deploy.0 = Ad-Hoc|iPhone
		{1B922C30-A688-4BAF-BCC6-ED7F17B9FDB5}.Ad-Hoc|iPhone.ActiveCfg = Ad-Hoc|iPhone
		{1B922C30-A688-4BAF-BCC6-ED7F17B9FDB5}.Ad-Hoc|iPhone.Build.0 = Ad-Hoc|iPhone
		{1B922C30-A688-4BAF-BCC6-ED7F17B9FDB5}.Ad-Hoc|iPhone.Deploy.0 = Ad-Hoc|iPhone
		{1B922C30-A688-4BAF-BCC6-ED7F17B9FDB5}.Ad-Hoc|iPhoneSimulator.ActiveCfg = Ad-Hoc|iPhoneSimulator
		{1B922C30-A688-4BAF-BCC6-ED7F17B9FDB5}.Ad-Hoc|iPhoneSimulator.Build.0 = Ad-Hoc|iPhoneSimulator
		{1B922C30-A688-4BAF-BCC6-ED7F17B9FDB5}.Ad-Hoc|iPhoneSimulator.Deploy.0 = Ad-Hoc|iPhoneSimulator
		{1B922C30-A688-4BAF-BCC6-ED7F17B9FDB5}.AppStore|Any CPU.ActiveCfg = AppStore|iPhone
		{1B922C30-A688-4BAF-BCC6-ED7F17B9FDB5}.AppStore|Any CPU.Build.0 = AppStore|iPhone
		{1B922C30-A688-4BAF-BCC6-ED7F17B9FDB5}.AppStore|Any CPU.Deploy.0 = AppStore|iPhone
		{1B922C30-A688-4BAF-BCC6-ED7F17B9FDB5}.AppStore|iPhone.ActiveCfg = AppStore|iPhone
		{1B922C30-A688-4BAF-BCC6-ED7F17B9FDB5}.AppStore|iPhone.Build.0 = AppStore|iPhone
		{1B922C30-A688-4BAF-BCC6-ED7F17B9FDB5}.AppStore|iPhone.Deploy.0 = AppStore|iPhone
		{1B922C30-A688-4BAF-BCC6-ED7F17B9FDB5}.AppStore|iPhoneSimulator.ActiveCfg = AppStore|iPhoneSimulator
		{1B922C30-A688-4BAF-BCC6-ED7F17B9FDB5}.AppStore|iPhoneSimulator.Build.0 = AppStore|iPhoneSimulator
		{1B922C30-A688-4BAF-BCC6-ED7F17B9FDB5}.AppStore|iPhoneSimulator.Deploy.0 = AppStore|iPhoneSimulator
		{1B922C30-A688-4BAF-BCC6-ED7F17B9FDB5}.Debug|Any CPU.ActiveCfg = Debug|iPhoneSimulator
		{1B922C30-A688-4BAF-BCC6-ED7F17B9FDB5}.Debug|Any CPU.Build.0 = Debug|iPhoneSimulator
		{1B922C30-A688-4BAF-BCC6-ED7F17B9FDB5}.Debug|Any CPU.Deploy.0 = Debug|iPhoneSimulator
		{1B922C30-A688-4BAF-BCC6-ED7F17B9FDB5}.Debug|iPhone.ActiveCfg = Debug|iPhone
		{1B922C30-A688-4BAF-BCC6-ED7F17B9FDB5}.Debug|iPhone.Build.0 = Debug|iPhone
		{1B922C30-A688-4BAF-BCC6-ED7F17B9FDB5}.Debug|iPhone.Deploy.0 = Debug|iPhone
		{1B922C30-A688-4BAF-BCC6-ED7F17B9FDB5}.Debug|iPhoneSimulator.ActiveCfg = Debug|iPhoneSimulator
		{1B922C30-A688-4BAF-BCC6-ED7F17B9FDB5}.Debug|iPhoneSimulator.Build.0 = Debug|iPhoneSimulator
		{1B922C30-A688-4BAF-BCC6-ED7F17B9FDB5}.Debug|iPhoneSimulator.Deploy.0 = Debug|iPhoneSimulator
		{1B922C30-A688-4BAF-BCC6-ED7F17B9FDB5}.Release|Any CPU.ActiveCfg = Release|iPhone
		{1B922C30-A688-4BAF-BCC6-ED7F17B9FDB5}.Release|Any CPU.Build.0 = Release|iPhone
		{1B922C30-A688-4BAF-BCC6-ED7F17B9FDB5}.Release|Any CPU.Deploy.0 = Release|iPhone
		{1B922C30-A688-4BAF-BCC6-ED7F17B9FDB5}.Release|iPhone.ActiveCfg = Release|iPhone
		{1B922C30-A688-4BAF-BCC6-ED7F17B9FDB5}.Release|iPhone.Build.0 = Release|iPhone
		{1B922C30-A688-4BAF-BCC6-ED7F17B9FDB5}.Release|iPhone.Deploy.0 = Release|iPhone
		{1B922C30-A688-4BAF-BCC6-ED7F17B9FDB5}.Release|iPhoneSimulator.ActiveCfg = Release|iPhoneSimulator
		{1B922C30-A688-4BAF-BCC6-ED7F17B9FDB5}.Release|iPhoneSimulator.Build.0 = Release|iPhoneSimulator
		{1B922C30-A688-4BAF-BCC6-ED7F17B9FDB5}.Release|iPhoneSimulator.Deploy.0 = Release|iPhoneSimulator
		{34BA8BA2-9B90-4D84-BE5E-98107086CDEC}.Ad-Hoc|Any CPU.ActiveCfg = Debug|Any CPU
		{34BA8BA2-9B90-4D84-BE5E-98107086CDEC}.Ad-Hoc|Any CPU.Build.0 = Debug|Any CPU
		{34BA8BA2-9B90-4D84-BE5E-98107086CDEC}.Ad-Hoc|Any CPU.Deploy.0 = Debug|Any CPU
		{34BA8BA2-9B90-4D84-BE5E-98107086CDEC}.Ad-Hoc|iPhone.ActiveCfg = Debug|Any CPU
		{34BA8BA2-9B90-4D84-BE5E-98107086CDEC}.Ad-Hoc|iPhone.Build.0 = Debug|Any CPU
		{34BA8BA2-9B90-4D84-BE5E-98107086CDEC}.Ad-Hoc|iPhone.Deploy.0 = Debug|Any CPU
		{34BA8BA2-9B90-4D84-BE5E-98107086CDEC}.Ad-Hoc|iPhoneSimulator.ActiveCfg = Debug|Any CPU
		{34BA8BA2-9B90-4D84-BE5E-98107086CDEC}.Ad-Hoc|iPhoneSimulator.Build.0 = Debug|Any CPU
		{34BA8BA2-9B90-4D84-BE5E-98107086CDEC}.Ad-Hoc|iPhoneSimulator.Deploy.0 = Debug|Any CPU
		{34BA8BA2-9B90-4D84-BE5E-98107086CDEC}.AppStore|Any CPU.ActiveCfg = Debug|Any CPU
		{34BA8BA2-9B90-4D84-BE5E-98107086CDEC}.AppStore|Any CPU.Build.0 = Debug|Any CPU
		{34BA8BA2-9B90-4D84-BE5E-98107086CDEC}.AppStore|Any CPU.Deploy.0 = Debug|Any CPU
		{34BA8BA2-9B90-4D84-BE5E-98107086CDEC}.AppStore|iPhone.ActiveCfg = Debug|Any CPU
		{34BA8BA2-9B90-4D84-BE5E-98107086CDEC}.AppStore|iPhone.Build.0 = Debug|Any CPU
		{34BA8BA2-9B90-4D84-BE5E-98107086CDEC}.AppStore|iPhone.Deploy.0 = Debug|Any CPU
		{34BA8BA2-9B90-4D84-BE5E-98107086CDEC}.AppStore|iPhoneSimulator.ActiveCfg = Debug|Any CPU
		{34BA8BA2-9B90-4D84-BE5E-98107086CDEC}.AppStore|iPhoneSimulator.Build.0 = Debug|Any CPU
		{34BA8BA2-9B90-4D84-BE5E-98107086CDEC}.AppStore|iPhoneSimulator.Deploy.0 = Debug|Any CPU
		{34BA8BA2-9B90-4D84-BE5E-98107086CDEC}.Debug|Any CPU.ActiveCfg = Debug|Any CPU
		{34BA8BA2-9B90-4D84-BE5E-98107086CDEC}.Debug|Any CPU.Build.0 = Debug|Any CPU
		{34BA8BA2-9B90-4D84-BE5E-98107086CDEC}.Debug|Any CPU.Deploy.0 = Debug|Any CPU
		{34BA8BA2-9B90-4D84-BE5E-98107086CDEC}.Debug|iPhone.ActiveCfg = Debug|Any CPU
		{34BA8BA2-9B90-4D84-BE5E-98107086CDEC}.Debug|iPhone.Build.0 = Debug|Any CPU
		{34BA8BA2-9B90-4D84-BE5E-98107086CDEC}.Debug|iPhone.Deploy.0 = Debug|Any CPU
		{34BA8BA2-9B90-4D84-BE5E-98107086CDEC}.Debug|iPhoneSimulator.ActiveCfg = Debug|Any CPU
		{34BA8BA2-9B90-4D84-BE5E-98107086CDEC}.Debug|iPhoneSimulator.Build.0 = Debug|Any CPU
		{34BA8BA2-9B90-4D84-BE5E-98107086CDEC}.Debug|iPhoneSimulator.Deploy.0 = Debug|Any CPU
		{34BA8BA2-9B90-4D84-BE5E-98107086CDEC}.Release|Any CPU.ActiveCfg = Release|Any CPU
		{34BA8BA2-9B90-4D84-BE5E-98107086CDEC}.Release|Any CPU.Build.0 = Release|Any CPU
		{34BA8BA2-9B90-4D84-BE5E-98107086CDEC}.Release|Any CPU.Deploy.0 = Release|Any CPU
		{34BA8BA2-9B90-4D84-BE5E-98107086CDEC}.Release|iPhone.ActiveCfg = Release|Any CPU
		{34BA8BA2-9B90-4D84-BE5E-98107086CDEC}.Release|iPhone.Build.0 = Release|Any CPU
		{34BA8BA2-9B90-4D84-BE5E-98107086CDEC}.Release|iPhone.Deploy.0 = Release|Any CPU
		{34BA8BA2-9B90-4D84-BE5E-98107086CDEC}.Release|iPhoneSimulator.ActiveCfg = Release|Any CPU
		{34BA8BA2-9B90-4D84-BE5E-98107086CDEC}.Release|iPhoneSimulator.Build.0 = Release|Any CPU
		{34BA8BA2-9B90-4D84-BE5E-98107086CDEC}.Release|iPhoneSimulator.Deploy.0 = Release|Any CPU
	EndGlobalSection
	GlobalSection(SolutionProperties) = preSolution
		HideSolutionNode = FALSE
	EndGlobalSection
	GlobalSection(ExtensibilityGlobals) = postSolution
		SolutionGuid = {4011BF4A-D5A0-4400-830E-BD780D082F1C}
	EndGlobalSection
EndGlobal
