
Microsoft Visual Studio Solution File, Format Version 12.00
# Visual Studio 15
VisualStudioVersion = 15.0.28307.852
MinimumVisualStudioVersion = 10.0.40219.1
Project("{FAE04EC0-301F-11D3-BF4B-00C04F79EFBC}") = "Cha05_01.Android", "Cha05_01\Cha05_01.Android\Cha05_01.Android.csproj", "{4FD84CA2-9E47-42E5-88DF-A3D635E7B278}"
EndProject
Project("{FAE04EC0-301F-11D3-BF4B-00C04F79EFBC}") = "Cha05_01", "Cha05_01\Cha05_01\Cha05_01.csproj", "{56F0118F-9803-4126-91D8-F45040E5B5B1}"
EndProject
Global
	GlobalSection(SolutionConfigurationPlatforms) = preSolution
		Debug|Any CPU = Debug|Any CPU
		Release|Any CPU = Release|Any CPU
	EndGlobalSection
	GlobalSection(ProjectConfigurationPlatforms) = postSolution
		{4FD84CA2-9E47-42E5-88DF-A3D635E7B278}.Debug|Any CPU.ActiveCfg = Debug|Any CPU
		{4FD84CA2-9E47-42E5-88DF-A3D635E7B278}.Debug|Any CPU.Build.0 = Debug|Any CPU
		{4FD84CA2-9E47-42E5-88DF-A3D635E7B278}.Debug|Any CPU.Deploy.0 = Debug|Any CPU
		{4FD84CA2-9E47-42E5-88DF-A3D635E7B278}.Release|Any CPU.ActiveCfg = Release|Any CPU
		{4FD84CA2-9E47-42E5-88DF-A3D635E7B278}.Release|Any CPU.Build.0 = Release|Any CPU
		{4FD84CA2-9E47-42E5-88DF-A3D635E7B278}.Release|Any CPU.Deploy.0 = Release|Any CPU
		{56F0118F-9803-4126-91D8-F45040E5B5B1}.Debug|Any CPU.ActiveCfg = Debug|Any CPU
		{56F0118F-9803-4126-91D8-F45040E5B5B1}.Debug|Any CPU.Build.0 = Debug|Any CPU
		{56F0118F-9803-4126-91D8-F45040E5B5B1}.Debug|Any CPU.Deploy.0 = Debug|Any CPU
		{56F0118F-9803-4126-91D8-F45040E5B5B1}.Release|Any CPU.ActiveCfg = Release|Any CPU
		{56F0118F-9803-4126-91D8-F45040E5B5B1}.Release|Any CPU.Build.0 = Release|Any CPU
		{56F0118F-9803-4126-91D8-F45040E5B5B1}.Release|Any CPU.Deploy.0 = Release|Any CPU
	EndGlobalSection
	GlobalSection(SolutionProperties) = preSolution
		HideSolutionNode = FALSE
	EndGlobalSection
	GlobalSection(ExtensibilityGlobals) = postSolution
		SolutionGuid = {F3DD5CA2-9D4D-4B8F-9203-5773D748D3CE}
	EndGlobalSection
EndGlobal
