
Microsoft Visual Studio Solution File, Format Version 12.00
# Visual Studio 15
VisualStudioVersion = 15.0.28307.852
MinimumVisualStudioVersion = 10.0.40219.1
Project("{FAE04EC0-301F-11D3-BF4B-00C04F79EFBC}") = "Cha10_01.Android", "Cha10_01\Cha10_01.Android\Cha10_01.Android.csproj", "{0819C3B1-F2A5-4F7D-AA43-15B36AECA1BA}"
EndProject
Project("{FAE04EC0-301F-11D3-BF4B-00C04F79EFBC}") = "Cha10_01", "Cha10_01\Cha10_01\Cha10_01.csproj", "{8E8897F8-987D-4A7E-A4E0-439915797C34}"
EndProject
Global
	GlobalSection(SolutionConfigurationPlatforms) = preSolution
		Debug|Any CPU = Debug|Any CPU
		Release|Any CPU = Release|Any CPU
	EndGlobalSection
	GlobalSection(ProjectConfigurationPlatforms) = postSolution
		{0819C3B1-F2A5-4F7D-AA43-15B36AECA1BA}.Debug|Any CPU.ActiveCfg = Debug|Any CPU
		{0819C3B1-F2A5-4F7D-AA43-15B36AECA1BA}.Debug|Any CPU.Build.0 = Debug|Any CPU
		{0819C3B1-F2A5-4F7D-AA43-15B36AECA1BA}.Debug|Any CPU.Deploy.0 = Debug|Any CPU
		{0819C3B1-F2A5-4F7D-AA43-15B36AECA1BA}.Release|Any CPU.ActiveCfg = Release|Any CPU
		{0819C3B1-F2A5-4F7D-AA43-15B36AECA1BA}.Release|Any CPU.Build.0 = Release|Any CPU
		{0819C3B1-F2A5-4F7D-AA43-15B36AECA1BA}.Release|Any CPU.Deploy.0 = Release|Any CPU
		{8E8897F8-987D-4A7E-A4E0-439915797C34}.Debug|Any CPU.ActiveCfg = Debug|Any CPU
		{8E8897F8-987D-4A7E-A4E0-439915797C34}.Debug|Any CPU.Build.0 = Debug|Any CPU
		{8E8897F8-987D-4A7E-A4E0-439915797C34}.Debug|Any CPU.Deploy.0 = Debug|Any CPU
		{8E8897F8-987D-4A7E-A4E0-439915797C34}.Release|Any CPU.ActiveCfg = Release|Any CPU
		{8E8897F8-987D-4A7E-A4E0-439915797C34}.Release|Any CPU.Build.0 = Release|Any CPU
		{8E8897F8-987D-4A7E-A4E0-439915797C34}.Release|Any CPU.Deploy.0 = Release|Any CPU
	EndGlobalSection
	GlobalSection(SolutionProperties) = preSolution
		HideSolutionNode = FALSE
	EndGlobalSection
	GlobalSection(ExtensibilityGlobals) = postSolution
		SolutionGuid = {EC0F841C-A372-4141-B874-B4740F6A4846}
	EndGlobalSection
EndGlobal
