
Microsoft Visual Studio Solution File, Format Version 12.00
# Visual Studio 15
VisualStudioVersion = 15.0.28307.852
MinimumVisualStudioVersion = 10.0.40219.1
Project("{FAE04EC0-301F-11D3-BF4B-00C04F79EFBC}") = "ch18_01.Android", "ch18_01\ch18_01.Android\ch18_01.Android.csproj", "{DC5CF2FE-A642-4657-A493-EACCFE1C1EA9}"
EndProject
Project("{FAE04EC0-301F-11D3-BF4B-00C04F79EFBC}") = "ch18_01", "ch18_01\ch18_01\ch18_01.csproj", "{6CF192F3-5C41-4F23-9EB2-81B9221C358F}"
EndProject
Global
	GlobalSection(SolutionConfigurationPlatforms) = preSolution
		Debug|Any CPU = Debug|Any CPU
		Release|Any CPU = Release|Any CPU
	EndGlobalSection
	GlobalSection(ProjectConfigurationPlatforms) = postSolution
		{DC5CF2FE-A642-4657-A493-EACCFE1C1EA9}.Debug|Any CPU.ActiveCfg = Debug|Any CPU
		{DC5CF2FE-A642-4657-A493-EACCFE1C1EA9}.Debug|Any CPU.Build.0 = Debug|Any CPU
		{DC5CF2FE-A642-4657-A493-EACCFE1C1EA9}.Debug|Any CPU.Deploy.0 = Debug|Any CPU
		{DC5CF2FE-A642-4657-A493-EACCFE1C1EA9}.Release|Any CPU.ActiveCfg = Release|Any CPU
		{DC5CF2FE-A642-4657-A493-EACCFE1C1EA9}.Release|Any CPU.Build.0 = Release|Any CPU
		{DC5CF2FE-A642-4657-A493-EACCFE1C1EA9}.Release|Any CPU.Deploy.0 = Release|Any CPU
		{6CF192F3-5C41-4F23-9EB2-81B9221C358F}.Debug|Any CPU.ActiveCfg = Debug|Any CPU
		{6CF192F3-5C41-4F23-9EB2-81B9221C358F}.Debug|Any CPU.Build.0 = Debug|Any CPU
		{6CF192F3-5C41-4F23-9EB2-81B9221C358F}.Debug|Any CPU.Deploy.0 = Debug|Any CPU
		{6CF192F3-5C41-4F23-9EB2-81B9221C358F}.Release|Any CPU.ActiveCfg = Release|Any CPU
		{6CF192F3-5C41-4F23-9EB2-81B9221C358F}.Release|Any CPU.Build.0 = Release|Any CPU
		{6CF192F3-5C41-4F23-9EB2-81B9221C358F}.Release|Any CPU.Deploy.0 = Release|Any CPU
	EndGlobalSection
	GlobalSection(SolutionProperties) = preSolution
		HideSolutionNode = FALSE
	EndGlobalSection
	GlobalSection(ExtensibilityGlobals) = postSolution
		SolutionGuid = {B2B2C05D-BF61-4B29-A46A-36109DD25372}
	EndGlobalSection
EndGlobal
